
Microsoft Visual Studio Solution File, Format Version 12.00
# Visual Studio Version 16
VisualStudioVersion = 25.0.1700.0
MinimumVisualStudioVersion = 10.0.40219.1
Project("{FAE04EC0-301F-11D3-BF4B-00C04F79EFBC}") = "Xlog.Category.Infrastructure", "Xlog.Category.Infrastructure.csproj", "{9CBF105B-E318-4F28-858D-829ABB186854}"
EndProject
Global
	GlobalSection(SolutionConfigurationPlatforms) = preSolution
		Debug|Any CPU = Debug|Any CPU
		Release|Any CPU = Release|Any CPU
	EndGlobalSection
	GlobalSection(ProjectConfigurationPlatforms) = postSolution
		{9CBF105B-E318-4F28-858D-829ABB186854}.Debug|Any CPU.ActiveCfg = Debug|Any CPU
		{9CBF105B-E318-4F28-858D-829ABB186854}.Debug|Any CPU.Build.0 = Debug|Any CPU
		{9CBF105B-E318-4F28-858D-829ABB186854}.Release|Any CPU.ActiveCfg = Release|Any CPU
		{9CBF105B-E318-4F28-858D-829ABB186854}.Release|Any CPU.Build.0 = Release|Any CPU
	EndGlobalSection
	GlobalSection(SolutionProperties) = preSolution
		HideSolutionNode = FALSE
	EndGlobalSection
	GlobalSection(ExtensibilityGlobals) = postSolution
		SolutionGuid = {D0966934-EBC4-4F0C-8033-1B4AB9101851}
	EndGlobalSection
EndGlobal
